# THIS IS AN AUTOGENERATED FILE. DO NOT EDIT THIS FILE DIRECTLY.
# yarn lockfile v1


key-values-ts@^0.3.1:
  version "0.3.2"
  resolved "https://registry.yarnpkg.com/key-values-ts/-/key-values-ts-0.3.2.tgz#c29c73244d9d7ae8d756181192e89a86457100e4"
  integrity sha512-ULSU+quTDXeSeLEm9hFpVzH/1Mn3RX805jGhsPG9VUu0d6kTq7u4YFXAaUZiXXE0WkGtSIczQsk9hfaDs7nzWQ==
  dependencies:
    typescript-parsec "^0.3.1"

typescript-parsec@^0.3.1:
  version "0.3.1"
  resolved "https://registry.yarnpkg.com/typescript-parsec/-/typescript-parsec-0.3.1.tgz#f317c376f056eb0ce6b4051c0481d2f6b7c6b359"
  integrity sha512-q/3gzrhKGimzTzUV+GgK4bTD+2YT0THHvIUGBkggn50dASoEmc+N58vxQR22cYfwoPvAoF6VL7/EW203yDu+dw==

vscode-languageserver-textdocument@^1.0.1:
  version "1.0.1"
  resolved "https://registry.yarnpkg.com/vscode-languageserver-textdocument/-/vscode-languageserver-textdocument-1.0.1.tgz#178168e87efad6171b372add1dea34f53e5d330f"
  integrity sha512-UIcJDjX7IFkck7cSkNNyzIz5FyvpQfY7sdzVy+wkKN/BLaD4DQ0ppXQrKePomCxTS7RrolK1I0pey0bG9eh8dA==

vscode-languageserver-types@^3.15.1:
  version "3.15.1"
  resolved "https://registry.yarnpkg.com/vscode-languageserver-types/-/vscode-languageserver-types-3.15.1.tgz#17be71d78d2f6236d414f0001ce1ef4d23e6b6de"
  integrity sha512-+a9MPUQrNGRrGU630OGbYVQ+11iOIovjCkqxajPa9w57Sd5ruK8WQNsslzpa0x/QJqC8kRc2DUxWjIFwoNm4ZQ==
